
Microsoft Visual Studio Solution File, Format Version 12.00
Project("{FAE04EC0-301F-11D3-BF4B-00C04F79EFBC}") = "DeepCloneGenerator", "DeepCloneGenerator\DeepCloneGenerator.csproj", "{18D5C757-1BBB-4144-9360-2EE82345B61E}"
EndProject
Project("{FAE04EC0-301F-11D3-BF4B-00C04F79EFBC}") = "DeepCloneGenerator.Tests", "DeepCloneGenerator.Tests\DeepCloneGenerator.Tests.csproj", "{22E14538-E572-4291-ADB6-C7C6634EE99C}"
EndProject
Project("{FAE04EC0-301F-11D3-BF4B-00C04F79EFBC}") = "DeepCloneGenerator.DummyLib", "DeepCloneGenerator.DummyLib\DeepCloneGenerator.DummyLib.csproj", "{C9B80D45-9046-4DEE-8614-DA41BAAB1B26}"
EndProject
Project("{2150E333-8FDC-42A3-9474-1A3956D46DE8}") = "Github Actions", "Github Actions", "{56B6621F-FFE9-4A5F-8FF7-3F8E305373E9}"
	ProjectSection(SolutionItems) = preProject
		.github\workflows\dotnet.yml = .github\workflows\dotnet.yml
	EndProjectSection
EndProject
Global
	GlobalSection(SolutionConfigurationPlatforms) = preSolution
		Debug|Any CPU = Debug|Any CPU
		Release|Any CPU = Release|Any CPU
	EndGlobalSection
	GlobalSection(ProjectConfigurationPlatforms) = postSolution
		{18D5C757-1BBB-4144-9360-2EE82345B61E}.Debug|Any CPU.ActiveCfg = Debug|Any CPU
		{18D5C757-1BBB-4144-9360-2EE82345B61E}.Debug|Any CPU.Build.0 = Debug|Any CPU
		{18D5C757-1BBB-4144-9360-2EE82345B61E}.Release|Any CPU.ActiveCfg = Release|Any CPU
		{18D5C757-1BBB-4144-9360-2EE82345B61E}.Release|Any CPU.Build.0 = Release|Any CPU
		{22E14538-E572-4291-ADB6-C7C6634EE99C}.Debug|Any CPU.ActiveCfg = Debug|Any CPU
		{22E14538-E572-4291-ADB6-C7C6634EE99C}.Debug|Any CPU.Build.0 = Debug|Any CPU
		{22E14538-E572-4291-ADB6-C7C6634EE99C}.Release|Any CPU.ActiveCfg = Release|Any CPU
		{22E14538-E572-4291-ADB6-C7C6634EE99C}.Release|Any CPU.Build.0 = Release|Any CPU
		{C9B80D45-9046-4DEE-8614-DA41BAAB1B26}.Debug|Any CPU.ActiveCfg = Debug|Any CPU
		{C9B80D45-9046-4DEE-8614-DA41BAAB1B26}.Debug|Any CPU.Build.0 = Debug|Any CPU
		{C9B80D45-9046-4DEE-8614-DA41BAAB1B26}.Release|Any CPU.ActiveCfg = Release|Any CPU
		{C9B80D45-9046-4DEE-8614-DA41BAAB1B26}.Release|Any CPU.Build.0 = Release|Any CPU
	EndGlobalSection
EndGlobal
